
Microsoft Visual Studio Solution File, Format Version 12.00
# Visual Studio Version 17
VisualStudioVersion = 17.0.31903.59
MinimumVisualStudioVersion = 10.0.40219.1
Project("{2150E333-8FDC-42A3-9474-1A3956D46DE8}") = "C# Basic", "C# Basic", "{B0B4F08C-B947-493A-B14E-25FAF69A98D4}"
EndProject
Project("{2150E333-8FDC-42A3-9474-1A3956D46DE8}") = "C# Types", "C# Types", "{6AAFE1E9-C554-474E-BBBA-56E237A3BBA8}"
EndProject
Project("{2150E333-8FDC-42A3-9474-1A3956D46DE8}") = "Advance C#", "Advance C#", "{9AE91796-8161-4366-9627-D7E16F4FBEA6}"
EndProject
Project("{FAE04EC0-301F-11D3-BF4B-00C04F79EFBC}") = "C# Basic", "C# Basic\C# Basic.csproj", "{0B83D061-E636-4A55-8D92-273483D31D99}"
EndProject
Project("{FAE04EC0-301F-11D3-BF4B-00C04F79EFBC}") = "C# Types", "C# Types\C# Types.csproj", "{F60E16BE-8F9A-47D7-B504-DF1F930CEDB0}"
EndProject
Project("{FAE04EC0-301F-11D3-BF4B-00C04F79EFBC}") = "Advance C#", "Advance C#\Advance C#.csproj", "{89B11474-4CA4-4704-94A3-DE491B2FD79E}"
EndProject
Global
	GlobalSection(SolutionConfigurationPlatforms) = preSolution
		Debug|Any CPU = Debug|Any CPU
		Release|Any CPU = Release|Any CPU
	EndGlobalSection
	GlobalSection(SolutionProperties) = preSolution
		HideSolutionNode = FALSE
	EndGlobalSection
	GlobalSection(ProjectConfigurationPlatforms) = postSolution
		{0B83D061-E636-4A55-8D92-273483D31D99}.Debug|Any CPU.ActiveCfg = Debug|Any CPU
		{0B83D061-E636-4A55-8D92-273483D31D99}.Debug|Any CPU.Build.0 = Debug|Any CPU
		{0B83D061-E636-4A55-8D92-273483D31D99}.Release|Any CPU.ActiveCfg = Release|Any CPU
		{0B83D061-E636-4A55-8D92-273483D31D99}.Release|Any CPU.Build.0 = Release|Any CPU
		{F60E16BE-8F9A-47D7-B504-DF1F930CEDB0}.Debug|Any CPU.ActiveCfg = Debug|Any CPU
		{F60E16BE-8F9A-47D7-B504-DF1F930CEDB0}.Debug|Any CPU.Build.0 = Debug|Any CPU
		{F60E16BE-8F9A-47D7-B504-DF1F930CEDB0}.Release|Any CPU.ActiveCfg = Release|Any CPU
		{F60E16BE-8F9A-47D7-B504-DF1F930CEDB0}.Release|Any CPU.Build.0 = Release|Any CPU
		{89B11474-4CA4-4704-94A3-DE491B2FD79E}.Debug|Any CPU.ActiveCfg = Debug|Any CPU
		{89B11474-4CA4-4704-94A3-DE491B2FD79E}.Debug|Any CPU.Build.0 = Debug|Any CPU
		{89B11474-4CA4-4704-94A3-DE491B2FD79E}.Release|Any CPU.ActiveCfg = Release|Any CPU
		{89B11474-4CA4-4704-94A3-DE491B2FD79E}.Release|Any CPU.Build.0 = Release|Any CPU
	EndGlobalSection
	GlobalSection(NestedProjects) = preSolution
		{89B11474-4CA4-4704-94A3-DE491B2FD79E} = {9AE91796-8161-4366-9627-D7E16F4FBEA6}
		{F60E16BE-8F9A-47D7-B504-DF1F930CEDB0} = {6AAFE1E9-C554-474E-BBBA-56E237A3BBA8}
		{0B83D061-E636-4A55-8D92-273483D31D99} = {B0B4F08C-B947-493A-B14E-25FAF69A98D4}
	EndGlobalSection
EndGlobal
